
Microsoft Visual Studio Solution File, Format Version 12.00
# Visual Studio Version 17
VisualStudioVersion = 17.3.32901.215
MinimumVisualStudioVersion = 10.0.40219.1
Project("{FAE04EC0-301F-11D3-BF4B-00C04F79EFBC}") = "Kalkulagailua", "Kalkulagailua\Kalkulagailua.csproj", "{C587C50C-38F4-488E-B5EB-F27701F91306}"
EndProject
Global
	GlobalSection(SolutionConfigurationPlatforms) = preSolution
		Debug|Any CPU = Debug|Any CPU
		Release|Any CPU = Release|Any CPU
	EndGlobalSection
	GlobalSection(ProjectConfigurationPlatforms) = postSolution
		{C587C50C-38F4-488E-B5EB-F27701F91306}.Debug|Any CPU.ActiveCfg = Debug|Any CPU
		{C587C50C-38F4-488E-B5EB-F27701F91306}.Debug|Any CPU.Build.0 = Debug|Any CPU
		{C587C50C-38F4-488E-B5EB-F27701F91306}.Release|Any CPU.ActiveCfg = Release|Any CPU
		{C587C50C-38F4-488E-B5EB-F27701F91306}.Release|Any CPU.Build.0 = Release|Any CPU
	EndGlobalSection
	GlobalSection(SolutionProperties) = preSolution
		HideSolutionNode = FALSE
	EndGlobalSection
	GlobalSection(ExtensibilityGlobals) = postSolution
		SolutionGuid = {354CAE6F-F3E5-473C-8A44-2626040F615F}
	EndGlobalSection
EndGlobal
