
Microsoft Visual Studio Solution File, Format Version 12.00
# Visual Studio Version 17
VisualStudioVersion = 17.3.32901.215
MinimumVisualStudioVersion = 10.0.40219.1
Project("{FAE04EC0-301F-11D3-BF4B-00C04F79EFBC}") = "Ariketa2-List", "Ariketa2-List\Ariketa2-List.csproj", "{60A0D282-EB53-461A-8805-7DC7DEB07664}"
EndProject
Global
	GlobalSection(SolutionConfigurationPlatforms) = preSolution
		Debug|Any CPU = Debug|Any CPU
		Release|Any CPU = Release|Any CPU
	EndGlobalSection
	GlobalSection(ProjectConfigurationPlatforms) = postSolution
		{60A0D282-EB53-461A-8805-7DC7DEB07664}.Debug|Any CPU.ActiveCfg = Debug|Any CPU
		{60A0D282-EB53-461A-8805-7DC7DEB07664}.Debug|Any CPU.Build.0 = Debug|Any CPU
		{60A0D282-EB53-461A-8805-7DC7DEB07664}.Release|Any CPU.ActiveCfg = Release|Any CPU
		{60A0D282-EB53-461A-8805-7DC7DEB07664}.Release|Any CPU.Build.0 = Release|Any CPU
	EndGlobalSection
	GlobalSection(SolutionProperties) = preSolution
		HideSolutionNode = FALSE
	EndGlobalSection
	GlobalSection(ExtensibilityGlobals) = postSolution
		SolutionGuid = {CBA8D8D5-EC53-4ED0-BAA2-05D853545DCF}
	EndGlobalSection
EndGlobal
